
Microsoft Visual Studio Solution File, Format Version 12.00
# Visual Studio Version 17
VisualStudioVersion = 17.10.35004.147
MinimumVisualStudioVersion = 10.0.40219.1
Project("{9A19103F-16F7-4668-BE54-9A1E7A4F7556}") = "MotionSim", "MotionSim\MotionSim.csproj", "{6810DE29-4EFA-486D-B54B-10D265EB15EB}"
EndProject
Project("{9A19103F-16F7-4668-BE54-9A1E7A4F7556}") = "TestReceiver", "TestReceiver\TestReceiver.csproj", "{DCAC8690-AF41-4DB4-A018-86C3A6970C2E}"
EndProject
Global
	GlobalSection(SolutionConfigurationPlatforms) = preSolution
		Debug|Any CPU = Debug|Any CPU
		Release|Any CPU = Release|Any CPU
	EndGlobalSection
	GlobalSection(ProjectConfigurationPlatforms) = postSolution
		{6810DE29-4EFA-486D-B54B-10D265EB15EB}.Debug|Any CPU.ActiveCfg = Debug|Any CPU
		{6810DE29-4EFA-486D-B54B-10D265EB15EB}.Debug|Any CPU.Build.0 = Debug|Any CPU
		{6810DE29-4EFA-486D-B54B-10D265EB15EB}.Release|Any CPU.ActiveCfg = Release|Any CPU
		{6810DE29-4EFA-486D-B54B-10D265EB15EB}.Release|Any CPU.Build.0 = Release|Any CPU
		{DCAC8690-AF41-4DB4-A018-86C3A6970C2E}.Debug|Any CPU.ActiveCfg = Debug|Any CPU
		{DCAC8690-AF41-4DB4-A018-86C3A6970C2E}.Debug|Any CPU.Build.0 = Debug|Any CPU
		{DCAC8690-AF41-4DB4-A018-86C3A6970C2E}.Release|Any CPU.ActiveCfg = Release|Any CPU
		{DCAC8690-AF41-4DB4-A018-86C3A6970C2E}.Release|Any CPU.Build.0 = Release|Any CPU
	EndGlobalSection
	GlobalSection(SolutionProperties) = preSolution
		HideSolutionNode = FALSE
	EndGlobalSection
	GlobalSection(ExtensibilityGlobals) = postSolution
		SolutionGuid = {09E9518C-2952-4423-8843-489016CE7A7E}
	EndGlobalSection
EndGlobal
